
Microsoft Visual Studio Solution File, Format Version 12.00
# Visual Studio Version 17
VisualStudioVersion = 17.12.35527.113
MinimumVisualStudioVersion = 10.0.40219.1
Project("{8BC9CEB8-8B4A-11D0-8D11-00A0C91BC942}") = "01 - Basics", "01 - Basics\01 - Basics.vcxproj", "{3178F2E7-ACEE-4BE6-A08D-454469C3EA48}"
EndProject
Project("{8BC9CEB8-8B4A-11D0-8D11-00A0C91BC942}") = "02 - Basics2", "02 - Basics2\02 - Basics2.vcxproj", "{FDBA9A88-F1E6-4132-A3D4-24D11F5977AD}"
EndProject
Project("{8BC9CEB8-8B4A-11D0-8D11-00A0C91BC942}") = "03 - Arrays", "03 - Arrays\03 - Arrays.vcxproj", "{CC2A04D5-1AD2-4130-8DAD-2AE25C6BFA34}"
EndProject
Project("{8BC9CEB8-8B4A-11D0-8D11-00A0C91BC942}") = "04 - Math Problem", "04 - Math Problem\04 - Math Problem.vcxproj", "{94FA948D-7427-4A49-BB52-941D42F4685B}"
EndProject
Project("{8BC9CEB8-8B4A-11D0-8D11-00A0C91BC942}") = "05 - Functions", "05 - Functions\05 - Functions.vcxproj", "{A7E81CB0-65CD-4F4B-9D95-24B8EAF2D745}"
EndProject
Project("{8BC9CEB8-8B4A-11D0-8D11-00A0C91BC942}") = "06 - Enum", "06 - Enum\06 - Enum.vcxproj", "{59743038-2381-4843-ACEE-3BF0ECEE6E2B}"
EndProject
Project("{8BC9CEB8-8B4A-11D0-8D11-00A0C91BC942}") = "07 - Pointers", "07 - Pointers\07 - Pointers.vcxproj", "{A467807D-4090-4F87-B556-B03DD95B537B}"
EndProject
Project("{8BC9CEB8-8B4A-11D0-8D11-00A0C91BC942}") = "08 - Pointers2", "08 - Pointers2\08 - Pointers2.vcxproj", "{FA631060-C235-47A1-AB74-472CEE9DFC41}"
EndProject
Project("{8BC9CEB8-8B4A-11D0-8D11-00A0C91BC942}") = "09 - Pointers3", "09 - Pointers3\09 - Pointers3.vcxproj", "{7501E25D-65BE-4854-8E71-7F66A6EB5A20}"
EndProject
Project("{8BC9CEB8-8B4A-11D0-8D11-00A0C91BC942}") = "10 - Function Pointers", "10 - Function Pointers\10 - Function Pointers.vcxproj", "{E63F90FA-2820-47FB-B0CC-98F6984B6169}"
EndProject
Project("{8BC9CEB8-8B4A-11D0-8D11-00A0C91BC942}") = "11 - Structures", "11 - Structures\11 - Structures.vcxproj", "{C2FE2344-B77E-427E-9377-68D80F5FD10D}"
EndProject
Project("{8BC9CEB8-8B4A-11D0-8D11-00A0C91BC942}") = "12 - Structures2", "12 - Structures2\12 - Structures2.vcxproj", "{416704B8-7FB7-4C8D-BFEE-0CB659FDC44B}"
EndProject
Project("{8BC9CEB8-8B4A-11D0-8D11-00A0C91BC942}") = "12.5 - Structures3", "12.5 - Structures3\12.5 - Structures3.vcxproj", "{9509812A-FE62-44D2-A2B1-ED23323AB030}"
EndProject
Project("{8BC9CEB8-8B4A-11D0-8D11-00A0C91BC942}") = "12.75 - List", "12.75 - List\12.75 - List.vcxproj", "{56CAB845-C341-48B7-88B3-F524CEB9F4CF}"
EndProject
Project("{8BC9CEB8-8B4A-11D0-8D11-00A0C91BC942}") = "13 - List2", "13 - List2\13 - List2.vcxproj", "{FD7F5CA4-C30C-440D-A6DE-5F34D893C076}"
EndProject
Project("{8BC9CEB8-8B4A-11D0-8D11-00A0C91BC942}") = "14 - List3", "14 - List3\14 - List3.vcxproj", "{05A53AD5-4D34-40E8-BAB6-18964C45DC2B}"
EndProject
Project("{8BC9CEB8-8B4A-11D0-8D11-00A0C91BC942}") = "15 - Doubly Linked List", "15 - Doubly Linked List\15 - Doubly Linked List.vcxproj", "{9CB13925-C301-40B8-B1F6-3A1556D9411C}"
EndProject
Project("{8BC9CEB8-8B4A-11D0-8D11-00A0C91BC942}") = "16 - Multithreading", "16 - Multithreading\16 - Multithreading.vcxproj", "{5BBE4E2F-7834-49C1-B57B-90B500C43BDB}"
EndProject
Project("{8BC9CEB8-8B4A-11D0-8D11-00A0C91BC942}") = "17 - Tree", "17 - Tree\17 - Tree.vcxproj", "{EBBFFF6D-BF1A-46B8-8A15-E51D5F97FF28}"
EndProject
Project("{8BC9CEB8-8B4A-11D0-8D11-00A0C91BC942}") = "17.5 - Macros", "17.5 - Macros\17.5 - Macros.vcxproj", "{71B9F768-1D21-4700-ACA2-3715E3611495}"
EndProject
Project("{8BC9CEB8-8B4A-11D0-8D11-00A0C91BC942}") = "18 - Operator overload", "18 - Operator overload\18 - Operator overload.vcxproj", "{52F64067-C13D-421B-92C9-C8CC43D060E2}"
EndProject
Project("{8BC9CEB8-8B4A-11D0-8D11-00A0C91BC942}") = "18.5 - Smart Pointers", "18.5 - Smart Pointers\18.5 - Smart Pointers.vcxproj", "{17CF5333-802A-446B-9604-50D6FD928CB0}"
EndProject
Project("{8BC9CEB8-8B4A-11D0-8D11-00A0C91BC942}") = "19 - Static", "19 - Static\19 - Static.vcxproj", "{5B9287D7-D2B3-48C9-BFE0-B07889470CB7}"
EndProject
Project("{8BC9CEB8-8B4A-11D0-8D11-00A0C91BC942}") = "20 - Massage Crypting", "20 - Massage Crypting\20 - Massage Crypting.vcxproj", "{00765953-8FA7-4412-B203-5143E10482C5}"
EndProject
Project("{8BC9CEB8-8B4A-11D0-8D11-00A0C91BC942}") = "21 - Namespace", "21 - Namespace\21 - Namespace.vcxproj", "{61683AE7-DE0A-45F8-B011-0CEBAD4F8637}"
EndProject
Project("{8BC9CEB8-8B4A-11D0-8D11-00A0C91BC942}") = "21.5 - Patterns", "21.5 - Patterns\21.5 - Patterns.vcxproj", "{30CBD465-75EF-468D-9ABB-82B8F4E393E5}"
EndProject
Project("{8BC9CEB8-8B4A-11D0-8D11-00A0C91BC942}") = "22 - Exam", "22 - Exam\22 - Exam.vcxproj", "{116E5430-ADC9-4F6F-B77C-77F5ADCF38AA}"
EndProject
Project("{8BC9CEB8-8B4A-11D0-8D11-00A0C91BC942}") = "24 - Classes2", "24 - Classes2\24 - Classes2.vcxproj", "{39469FBA-837A-4A3C-A6EC-C72D402736D5}"
EndProject
Project("{8BC9CEB8-8B4A-11D0-8D11-00A0C91BC942}") = "25 - Classes3", "25 - Classes3\25 - Classes3.vcxproj", "{C8670CB0-1320-443F-B6D0-F748D65737BA}"
EndProject
Project("{8BC9CEB8-8B4A-11D0-8D11-00A0C91BC942}") = "26 - Virtual", "26 - Virtual\26 - Virtual.vcxproj", "{10679D7B-E8F4-4CBE-82D1-32D201732703}"
EndProject
Project("{8BC9CEB8-8B4A-11D0-8D11-00A0C91BC942}") = "27 - Virtual 2", "27 - Virtual 2\27 - Virtual 2.vcxproj", "{4D781753-9E16-48AC-B5E9-85AD9514B234}"
EndProject
Global
	GlobalSection(SolutionConfigurationPlatforms) = preSolution
		Debug|x64 = Debug|x64
		Debug|x86 = Debug|x86
		Release|x64 = Release|x64
		Release|x86 = Release|x86
	EndGlobalSection
	GlobalSection(ProjectConfigurationPlatforms) = postSolution
		{3178F2E7-ACEE-4BE6-A08D-454469C3EA48}.Debug|x64.ActiveCfg = Debug|x64
		{3178F2E7-ACEE-4BE6-A08D-454469C3EA48}.Debug|x64.Build.0 = Debug|x64
		{3178F2E7-ACEE-4BE6-A08D-454469C3EA48}.Debug|x86.ActiveCfg = Debug|Win32
		{3178F2E7-ACEE-4BE6-A08D-454469C3EA48}.Debug|x86.Build.0 = Debug|Win32
		{3178F2E7-ACEE-4BE6-A08D-454469C3EA48}.Release|x64.ActiveCfg = Release|x64
		{3178F2E7-ACEE-4BE6-A08D-454469C3EA48}.Release|x64.Build.0 = Release|x64
		{3178F2E7-ACEE-4BE6-A08D-454469C3EA48}.Release|x86.ActiveCfg = Release|Win32
		{3178F2E7-ACEE-4BE6-A08D-454469C3EA48}.Release|x86.Build.0 = Release|Win32
		{FDBA9A88-F1E6-4132-A3D4-24D11F5977AD}.Debug|x64.ActiveCfg = Debug|x64
		{FDBA9A88-F1E6-4132-A3D4-24D11F5977AD}.Debug|x64.Build.0 = Debug|x64
		{FDBA9A88-F1E6-4132-A3D4-24D11F5977AD}.Debug|x86.ActiveCfg = Debug|Win32
		{FDBA9A88-F1E6-4132-A3D4-24D11F5977AD}.Debug|x86.Build.0 = Debug|Win32
		{FDBA9A88-F1E6-4132-A3D4-24D11F5977AD}.Release|x64.ActiveCfg = Release|x64
		{FDBA9A88-F1E6-4132-A3D4-24D11F5977AD}.Release|x64.Build.0 = Release|x64
		{FDBA9A88-F1E6-4132-A3D4-24D11F5977AD}.Release|x86.ActiveCfg = Release|Win32
		{FDBA9A88-F1E6-4132-A3D4-24D11F5977AD}.Release|x86.Build.0 = Release|Win32
		{CC2A04D5-1AD2-4130-8DAD-2AE25C6BFA34}.Debug|x64.ActiveCfg = Debug|x64
		{CC2A04D5-1AD2-4130-8DAD-2AE25C6BFA34}.Debug|x64.Build.0 = Debug|x64
		{CC2A04D5-1AD2-4130-8DAD-2AE25C6BFA34}.Debug|x86.ActiveCfg = Debug|Win32
		{CC2A04D5-1AD2-4130-8DAD-2AE25C6BFA34}.Debug|x86.Build.0 = Debug|Win32
		{CC2A04D5-1AD2-4130-8DAD-2AE25C6BFA34}.Release|x64.ActiveCfg = Release|x64
		{CC2A04D5-1AD2-4130-8DAD-2AE25C6BFA34}.Release|x64.Build.0 = Release|x64
		{CC2A04D5-1AD2-4130-8DAD-2AE25C6BFA34}.Release|x86.ActiveCfg = Release|Win32
		{CC2A04D5-1AD2-4130-8DAD-2AE25C6BFA34}.Release|x86.Build.0 = Release|Win32
		{94FA948D-7427-4A49-BB52-941D42F4685B}.Debug|x64.ActiveCfg = Debug|x64
		{94FA948D-7427-4A49-BB52-941D42F4685B}.Debug|x64.Build.0 = Debug|x64
		{94FA948D-7427-4A49-BB52-941D42F4685B}.Debug|x86.ActiveCfg = Debug|Win32
		{94FA948D-7427-4A49-BB52-941D42F4685B}.Debug|x86.Build.0 = Debug|Win32
		{94FA948D-7427-4A49-BB52-941D42F4685B}.Release|x64.ActiveCfg = Release|x64
		{94FA948D-7427-4A49-BB52-941D42F4685B}.Release|x64.Build.0 = Release|x64
		{94FA948D-7427-4A49-BB52-941D42F4685B}.Release|x86.ActiveCfg = Release|Win32
		{94FA948D-7427-4A49-BB52-941D42F4685B}.Release|x86.Build.0 = Release|Win32
		{A7E81CB0-65CD-4F4B-9D95-24B8EAF2D745}.Debug|x64.ActiveCfg = Debug|x64
		{A7E81CB0-65CD-4F4B-9D95-24B8EAF2D745}.Debug|x64.Build.0 = Debug|x64
		{A7E81CB0-65CD-4F4B-9D95-24B8EAF2D745}.Debug|x86.ActiveCfg = Debug|Win32
		{A7E81CB0-65CD-4F4B-9D95-24B8EAF2D745}.Debug|x86.Build.0 = Debug|Win32
		{A7E81CB0-65CD-4F4B-9D95-24B8EAF2D745}.Release|x64.ActiveCfg = Release|x64
		{A7E81CB0-65CD-4F4B-9D95-24B8EAF2D745}.Release|x64.Build.0 = Release|x64
		{A7E81CB0-65CD-4F4B-9D95-24B8EAF2D745}.Release|x86.ActiveCfg = Release|Win32
		{A7E81CB0-65CD-4F4B-9D95-24B8EAF2D745}.Release|x86.Build.0 = Release|Win32
		{59743038-2381-4843-ACEE-3BF0ECEE6E2B}.Debug|x64.ActiveCfg = Debug|x64
		{59743038-2381-4843-ACEE-3BF0ECEE6E2B}.Debug|x64.Build.0 = Debug|x64
		{59743038-2381-4843-ACEE-3BF0ECEE6E2B}.Debug|x86.ActiveCfg = Debug|Win32
		{59743038-2381-4843-ACEE-3BF0ECEE6E2B}.Debug|x86.Build.0 = Debug|Win32
		{59743038-2381-4843-ACEE-3BF0ECEE6E2B}.Release|x64.ActiveCfg = Release|x64
		{59743038-2381-4843-ACEE-3BF0ECEE6E2B}.Release|x64.Build.0 = Release|x64
		{59743038-2381-4843-ACEE-3BF0ECEE6E2B}.Release|x86.ActiveCfg = Release|Win32
		{59743038-2381-4843-ACEE-3BF0ECEE6E2B}.Release|x86.Build.0 = Release|Win32
		{A467807D-4090-4F87-B556-B03DD95B537B}.Debug|x64.ActiveCfg = Debug|x64
		{A467807D-4090-4F87-B556-B03DD95B537B}.Debug|x64.Build.0 = Debug|x64
		{A467807D-4090-4F87-B556-B03DD95B537B}.Debug|x86.ActiveCfg = Debug|Win32
		{A467807D-4090-4F87-B556-B03DD95B537B}.Debug|x86.Build.0 = Debug|Win32
		{A467807D-4090-4F87-B556-B03DD95B537B}.Release|x64.ActiveCfg = Release|x64
		{A467807D-4090-4F87-B556-B03DD95B537B}.Release|x64.Build.0 = Release|x64
		{A467807D-4090-4F87-B556-B03DD95B537B}.Release|x86.ActiveCfg = Release|Win32
		{A467807D-4090-4F87-B556-B03DD95B537B}.Release|x86.Build.0 = Release|Win32
		{FA631060-C235-47A1-AB74-472CEE9DFC41}.Debug|x64.ActiveCfg = Debug|x64
		{FA631060-C235-47A1-AB74-472CEE9DFC41}.Debug|x64.Build.0 = Debug|x64
		{FA631060-C235-47A1-AB74-472CEE9DFC41}.Debug|x86.ActiveCfg = Debug|Win32
		{FA631060-C235-47A1-AB74-472CEE9DFC41}.Debug|x86.Build.0 = Debug|Win32
		{FA631060-C235-47A1-AB74-472CEE9DFC41}.Release|x64.ActiveCfg = Release|x64
		{FA631060-C235-47A1-AB74-472CEE9DFC41}.Release|x64.Build.0 = Release|x64
		{FA631060-C235-47A1-AB74-472CEE9DFC41}.Release|x86.ActiveCfg = Release|Win32
		{FA631060-C235-47A1-AB74-472CEE9DFC41}.Release|x86.Build.0 = Release|Win32
		{7501E25D-65BE-4854-8E71-7F66A6EB5A20}.Debug|x64.ActiveCfg = Debug|x64
		{7501E25D-65BE-4854-8E71-7F66A6EB5A20}.Debug|x64.Build.0 = Debug|x64
		{7501E25D-65BE-4854-8E71-7F66A6EB5A20}.Debug|x86.ActiveCfg = Debug|Win32
		{7501E25D-65BE-4854-8E71-7F66A6EB5A20}.Debug|x86.Build.0 = Debug|Win32
		{7501E25D-65BE-4854-8E71-7F66A6EB5A20}.Release|x64.ActiveCfg = Release|x64
		{7501E25D-65BE-4854-8E71-7F66A6EB5A20}.Release|x64.Build.0 = Release|x64
		{7501E25D-65BE-4854-8E71-7F66A6EB5A20}.Release|x86.ActiveCfg = Release|Win32
		{7501E25D-65BE-4854-8E71-7F66A6EB5A20}.Release|x86.Build.0 = Release|Win32
		{E63F90FA-2820-47FB-B0CC-98F6984B6169}.Debug|x64.ActiveCfg = Debug|x64
		{E63F90FA-2820-47FB-B0CC-98F6984B6169}.Debug|x64.Build.0 = Debug|x64
		{E63F90FA-2820-47FB-B0CC-98F6984B6169}.Debug|x86.ActiveCfg = Debug|Win32
		{E63F90FA-2820-47FB-B0CC-98F6984B6169}.Debug|x86.Build.0 = Debug|Win32
		{E63F90FA-2820-47FB-B0CC-98F6984B6169}.Release|x64.ActiveCfg = Release|x64
		{E63F90FA-2820-47FB-B0CC-98F6984B6169}.Release|x64.Build.0 = Release|x64
		{E63F90FA-2820-47FB-B0CC-98F6984B6169}.Release|x86.ActiveCfg = Release|Win32
		{E63F90FA-2820-47FB-B0CC-98F6984B6169}.Release|x86.Build.0 = Release|Win32
		{C2FE2344-B77E-427E-9377-68D80F5FD10D}.Debug|x64.ActiveCfg = Debug|x64
		{C2FE2344-B77E-427E-9377-68D80F5FD10D}.Debug|x64.Build.0 = Debug|x64
		{C2FE2344-B77E-427E-9377-68D80F5FD10D}.Debug|x86.ActiveCfg = Debug|Win32
		{C2FE2344-B77E-427E-9377-68D80F5FD10D}.Debug|x86.Build.0 = Debug|Win32
		{C2FE2344-B77E-427E-9377-68D80F5FD10D}.Release|x64.ActiveCfg = Release|x64
		{C2FE2344-B77E-427E-9377-68D80F5FD10D}.Release|x64.Build.0 = Release|x64
		{C2FE2344-B77E-427E-9377-68D80F5FD10D}.Release|x86.ActiveCfg = Release|Win32
		{C2FE2344-B77E-427E-9377-68D80F5FD10D}.Release|x86.Build.0 = Release|Win32
		{416704B8-7FB7-4C8D-BFEE-0CB659FDC44B}.Debug|x64.ActiveCfg = Debug|x64
		{416704B8-7FB7-4C8D-BFEE-0CB659FDC44B}.Debug|x64.Build.0 = Debug|x64
		{416704B8-7FB7-4C8D-BFEE-0CB659FDC44B}.Debug|x86.ActiveCfg = Debug|Win32
		{416704B8-7FB7-4C8D-BFEE-0CB659FDC44B}.Debug|x86.Build.0 = Debug|Win32
		{416704B8-7FB7-4C8D-BFEE-0CB659FDC44B}.Release|x64.ActiveCfg = Release|x64
		{416704B8-7FB7-4C8D-BFEE-0CB659FDC44B}.Release|x64.Build.0 = Release|x64
		{416704B8-7FB7-4C8D-BFEE-0CB659FDC44B}.Release|x86.ActiveCfg = Release|Win32
		{416704B8-7FB7-4C8D-BFEE-0CB659FDC44B}.Release|x86.Build.0 = Release|Win32
		{9509812A-FE62-44D2-A2B1-ED23323AB030}.Debug|x64.ActiveCfg = Debug|x64
		{9509812A-FE62-44D2-A2B1-ED23323AB030}.Debug|x64.Build.0 = Debug|x64
		{9509812A-FE62-44D2-A2B1-ED23323AB030}.Debug|x86.ActiveCfg = Debug|Win32
		{9509812A-FE62-44D2-A2B1-ED23323AB030}.Debug|x86.Build.0 = Debug|Win32
		{9509812A-FE62-44D2-A2B1-ED23323AB030}.Release|x64.ActiveCfg = Release|x64
		{9509812A-FE62-44D2-A2B1-ED23323AB030}.Release|x64.Build.0 = Release|x64
		{9509812A-FE62-44D2-A2B1-ED23323AB030}.Release|x86.ActiveCfg = Release|Win32
		{9509812A-FE62-44D2-A2B1-ED23323AB030}.Release|x86.Build.0 = Release|Win32
		{56CAB845-C341-48B7-88B3-F524CEB9F4CF}.Debug|x64.ActiveCfg = Debug|x64
		{56CAB845-C341-48B7-88B3-F524CEB9F4CF}.Debug|x64.Build.0 = Debug|x64
		{56CAB845-C341-48B7-88B3-F524CEB9F4CF}.Debug|x86.ActiveCfg = Debug|Win32
		{56CAB845-C341-48B7-88B3-F524CEB9F4CF}.Debug|x86.Build.0 = Debug|Win32
		{56CAB845-C341-48B7-88B3-F524CEB9F4CF}.Release|x64.ActiveCfg = Release|x64
		{56CAB845-C341-48B7-88B3-F524CEB9F4CF}.Release|x64.Build.0 = Release|x64
		{56CAB845-C341-48B7-88B3-F524CEB9F4CF}.Release|x86.ActiveCfg = Release|Win32
		{56CAB845-C341-48B7-88B3-F524CEB9F4CF}.Release|x86.Build.0 = Release|Win32
		{FD7F5CA4-C30C-440D-A6DE-5F34D893C076}.Debug|x64.ActiveCfg = Debug|x64
		{FD7F5CA4-C30C-440D-A6DE-5F34D893C076}.Debug|x64.Build.0 = Debug|x64
		{FD7F5CA4-C30C-440D-A6DE-5F34D893C076}.Debug|x86.ActiveCfg = Debug|Win32
		{FD7F5CA4-C30C-440D-A6DE-5F34D893C076}.Debug|x86.Build.0 = Debug|Win32
		{FD7F5CA4-C30C-440D-A6DE-5F34D893C076}.Release|x64.ActiveCfg = Release|x64
		{FD7F5CA4-C30C-440D-A6DE-5F34D893C076}.Release|x64.Build.0 = Release|x64
		{FD7F5CA4-C30C-440D-A6DE-5F34D893C076}.Release|x86.ActiveCfg = Release|Win32
		{FD7F5CA4-C30C-440D-A6DE-5F34D893C076}.Release|x86.Build.0 = Release|Win32
		{05A53AD5-4D34-40E8-BAB6-18964C45DC2B}.Debug|x64.ActiveCfg = Debug|x64
		{05A53AD5-4D34-40E8-BAB6-18964C45DC2B}.Debug|x64.Build.0 = Debug|x64
		{05A53AD5-4D34-40E8-BAB6-18964C45DC2B}.Debug|x86.ActiveCfg = Debug|Win32
		{05A53AD5-4D34-40E8-BAB6-18964C45DC2B}.Debug|x86.Build.0 = Debug|Win32
		{05A53AD5-4D34-40E8-BAB6-18964C45DC2B}.Release|x64.ActiveCfg = Release|x64
		{05A53AD5-4D34-40E8-BAB6-18964C45DC2B}.Release|x64.Build.0 = Release|x64
		{05A53AD5-4D34-40E8-BAB6-18964C45DC2B}.Release|x86.ActiveCfg = Release|Win32
		{05A53AD5-4D34-40E8-BAB6-18964C45DC2B}.Release|x86.Build.0 = Release|Win32
		{9CB13925-C301-40B8-B1F6-3A1556D9411C}.Debug|x64.ActiveCfg = Debug|x64
		{9CB13925-C301-40B8-B1F6-3A1556D9411C}.Debug|x64.Build.0 = Debug|x64
		{9CB13925-C301-40B8-B1F6-3A1556D9411C}.Debug|x86.ActiveCfg = Debug|Win32
		{9CB13925-C301-40B8-B1F6-3A1556D9411C}.Debug|x86.Build.0 = Debug|Win32
		{9CB13925-C301-40B8-B1F6-3A1556D9411C}.Release|x64.ActiveCfg = Release|x64
		{9CB13925-C301-40B8-B1F6-3A1556D9411C}.Release|x64.Build.0 = Release|x64
		{9CB13925-C301-40B8-B1F6-3A1556D9411C}.Release|x86.ActiveCfg = Release|Win32
		{9CB13925-C301-40B8-B1F6-3A1556D9411C}.Release|x86.Build.0 = Release|Win32
		{5BBE4E2F-7834-49C1-B57B-90B500C43BDB}.Debug|x64.ActiveCfg = Debug|x64
		{5BBE4E2F-7834-49C1-B57B-90B500C43BDB}.Debug|x64.Build.0 = Debug|x64
		{5BBE4E2F-7834-49C1-B57B-90B500C43BDB}.Debug|x86.ActiveCfg = Debug|Win32
		{5BBE4E2F-7834-49C1-B57B-90B500C43BDB}.Debug|x86.Build.0 = Debug|Win32
		{5BBE4E2F-7834-49C1-B57B-90B500C43BDB}.Release|x64.ActiveCfg = Release|x64
		{5BBE4E2F-7834-49C1-B57B-90B500C43BDB}.Release|x64.Build.0 = Release|x64
		{5BBE4E2F-7834-49C1-B57B-90B500C43BDB}.Release|x86.ActiveCfg = Release|Win32
		{5BBE4E2F-7834-49C1-B57B-90B500C43BDB}.Release|x86.Build.0 = Release|Win32
		{EBBFFF6D-BF1A-46B8-8A15-E51D5F97FF28}.Debug|x64.ActiveCfg = Debug|x64
		{EBBFFF6D-BF1A-46B8-8A15-E51D5F97FF28}.Debug|x64.Build.0 = Debug|x64
		{EBBFFF6D-BF1A-46B8-8A15-E51D5F97FF28}.Debug|x86.ActiveCfg = Debug|Win32
		{EBBFFF6D-BF1A-46B8-8A15-E51D5F97FF28}.Debug|x86.Build.0 = Debug|Win32
		{EBBFFF6D-BF1A-46B8-8A15-E51D5F97FF28}.Release|x64.ActiveCfg = Release|x64
		{EBBFFF6D-BF1A-46B8-8A15-E51D5F97FF28}.Release|x64.Build.0 = Release|x64
		{EBBFFF6D-BF1A-46B8-8A15-E51D5F97FF28}.Release|x86.ActiveCfg = Release|Win32
		{EBBFFF6D-BF1A-46B8-8A15-E51D5F97FF28}.Release|x86.Build.0 = Release|Win32
		{71B9F768-1D21-4700-ACA2-3715E3611495}.Debug|x64.ActiveCfg = Debug|x64
		{71B9F768-1D21-4700-ACA2-3715E3611495}.Debug|x64.Build.0 = Debug|x64
		{71B9F768-1D21-4700-ACA2-3715E3611495}.Debug|x86.ActiveCfg = Debug|Win32
		{71B9F768-1D21-4700-ACA2-3715E3611495}.Debug|x86.Build.0 = Debug|Win32
		{71B9F768-1D21-4700-ACA2-3715E3611495}.Release|x64.ActiveCfg = Release|x64
		{71B9F768-1D21-4700-ACA2-3715E3611495}.Release|x64.Build.0 = Release|x64
		{71B9F768-1D21-4700-ACA2-3715E3611495}.Release|x86.ActiveCfg = Release|Win32
		{71B9F768-1D21-4700-ACA2-3715E3611495}.Release|x86.Build.0 = Release|Win32
		{52F64067-C13D-421B-92C9-C8CC43D060E2}.Debug|x64.ActiveCfg = Debug|x64
		{52F64067-C13D-421B-92C9-C8CC43D060E2}.Debug|x64.Build.0 = Debug|x64
		{52F64067-C13D-421B-92C9-C8CC43D060E2}.Debug|x86.ActiveCfg = Debug|Win32
		{52F64067-C13D-421B-92C9-C8CC43D060E2}.Debug|x86.Build.0 = Debug|Win32
		{52F64067-C13D-421B-92C9-C8CC43D060E2}.Release|x64.ActiveCfg = Release|x64
		{52F64067-C13D-421B-92C9-C8CC43D060E2}.Release|x64.Build.0 = Release|x64
		{52F64067-C13D-421B-92C9-C8CC43D060E2}.Release|x86.ActiveCfg = Release|Win32
		{52F64067-C13D-421B-92C9-C8CC43D060E2}.Release|x86.Build.0 = Release|Win32
		{17CF5333-802A-446B-9604-50D6FD928CB0}.Debug|x64.ActiveCfg = Debug|x64
		{17CF5333-802A-446B-9604-50D6FD928CB0}.Debug|x64.Build.0 = Debug|x64
		{17CF5333-802A-446B-9604-50D6FD928CB0}.Debug|x86.ActiveCfg = Debug|Win32
		{17CF5333-802A-446B-9604-50D6FD928CB0}.Debug|x86.Build.0 = Debug|Win32
		{17CF5333-802A-446B-9604-50D6FD928CB0}.Release|x64.ActiveCfg = Release|x64
		{17CF5333-802A-446B-9604-50D6FD928CB0}.Release|x64.Build.0 = Release|x64
		{17CF5333-802A-446B-9604-50D6FD928CB0}.Release|x86.ActiveCfg = Release|Win32
		{17CF5333-802A-446B-9604-50D6FD928CB0}.Release|x86.Build.0 = Release|Win32
		{5B9287D7-D2B3-48C9-BFE0-B07889470CB7}.Debug|x64.ActiveCfg = Debug|x64
		{5B9287D7-D2B3-48C9-BFE0-B07889470CB7}.Debug|x64.Build.0 = Debug|x64
		{5B9287D7-D2B3-48C9-BFE0-B07889470CB7}.Debug|x86.ActiveCfg = Debug|Win32
		{5B9287D7-D2B3-48C9-BFE0-B07889470CB7}.Debug|x86.Build.0 = Debug|Win32
		{5B9287D7-D2B3-48C9-BFE0-B07889470CB7}.Release|x64.ActiveCfg = Release|x64
		{5B9287D7-D2B3-48C9-BFE0-B07889470CB7}.Release|x64.Build.0 = Release|x64
		{5B9287D7-D2B3-48C9-BFE0-B07889470CB7}.Release|x86.ActiveCfg = Release|Win32
		{5B9287D7-D2B3-48C9-BFE0-B07889470CB7}.Release|x86.Build.0 = Release|Win32
		{00765953-8FA7-4412-B203-5143E10482C5}.Debug|x64.ActiveCfg = Debug|x64
		{00765953-8FA7-4412-B203-5143E10482C5}.Debug|x64.Build.0 = Debug|x64
		{00765953-8FA7-4412-B203-5143E10482C5}.Debug|x86.ActiveCfg = Debug|Win32
		{00765953-8FA7-4412-B203-5143E10482C5}.Debug|x86.Build.0 = Debug|Win32
		{00765953-8FA7-4412-B203-5143E10482C5}.Release|x64.ActiveCfg = Release|x64
		{00765953-8FA7-4412-B203-5143E10482C5}.Release|x64.Build.0 = Release|x64
		{00765953-8FA7-4412-B203-5143E10482C5}.Release|x86.ActiveCfg = Release|Win32
		{00765953-8FA7-4412-B203-5143E10482C5}.Release|x86.Build.0 = Release|Win32
		{61683AE7-DE0A-45F8-B011-0CEBAD4F8637}.Debug|x64.ActiveCfg = Debug|x64
		{61683AE7-DE0A-45F8-B011-0CEBAD4F8637}.Debug|x64.Build.0 = Debug|x64
		{61683AE7-DE0A-45F8-B011-0CEBAD4F8637}.Debug|x86.ActiveCfg = Debug|Win32
		{61683AE7-DE0A-45F8-B011-0CEBAD4F8637}.Debug|x86.Build.0 = Debug|Win32
		{61683AE7-DE0A-45F8-B011-0CEBAD4F8637}.Release|x64.ActiveCfg = Release|x64
		{61683AE7-DE0A-45F8-B011-0CEBAD4F8637}.Release|x64.Build.0 = Release|x64
		{61683AE7-DE0A-45F8-B011-0CEBAD4F8637}.Release|x86.ActiveCfg = Release|Win32
		{61683AE7-DE0A-45F8-B011-0CEBAD4F8637}.Release|x86.Build.0 = Release|Win32
		{30CBD465-75EF-468D-9ABB-82B8F4E393E5}.Debug|x64.ActiveCfg = Debug|x64
		{30CBD465-75EF-468D-9ABB-82B8F4E393E5}.Debug|x64.Build.0 = Debug|x64
		{30CBD465-75EF-468D-9ABB-82B8F4E393E5}.Debug|x86.ActiveCfg = Debug|Win32
		{30CBD465-75EF-468D-9ABB-82B8F4E393E5}.Debug|x86.Build.0 = Debug|Win32
		{30CBD465-75EF-468D-9ABB-82B8F4E393E5}.Release|x64.ActiveCfg = Release|x64
		{30CBD465-75EF-468D-9ABB-82B8F4E393E5}.Release|x64.Build.0 = Release|x64
		{30CBD465-75EF-468D-9ABB-82B8F4E393E5}.Release|x86.ActiveCfg = Release|Win32
		{30CBD465-75EF-468D-9ABB-82B8F4E393E5}.Release|x86.Build.0 = Release|Win32
		{116E5430-ADC9-4F6F-B77C-77F5ADCF38AA}.Debug|x64.ActiveCfg = Debug|x64
		{116E5430-ADC9-4F6F-B77C-77F5ADCF38AA}.Debug|x64.Build.0 = Debug|x64
		{116E5430-ADC9-4F6F-B77C-77F5ADCF38AA}.Debug|x86.ActiveCfg = Debug|Win32
		{116E5430-ADC9-4F6F-B77C-77F5ADCF38AA}.Debug|x86.Build.0 = Debug|Win32
		{116E5430-ADC9-4F6F-B77C-77F5ADCF38AA}.Release|x64.ActiveCfg = Release|x64
		{116E5430-ADC9-4F6F-B77C-77F5ADCF38AA}.Release|x64.Build.0 = Release|x64
		{116E5430-ADC9-4F6F-B77C-77F5ADCF38AA}.Release|x86.ActiveCfg = Release|Win32
		{116E5430-ADC9-4F6F-B77C-77F5ADCF38AA}.Release|x86.Build.0 = Release|Win32
		{39469FBA-837A-4A3C-A6EC-C72D402736D5}.Debug|x64.ActiveCfg = Debug|x64
		{39469FBA-837A-4A3C-A6EC-C72D402736D5}.Debug|x64.Build.0 = Debug|x64
		{39469FBA-837A-4A3C-A6EC-C72D402736D5}.Debug|x86.ActiveCfg = Debug|Win32
		{39469FBA-837A-4A3C-A6EC-C72D402736D5}.Debug|x86.Build.0 = Debug|Win32
		{39469FBA-837A-4A3C-A6EC-C72D402736D5}.Release|x64.ActiveCfg = Release|x64
		{39469FBA-837A-4A3C-A6EC-C72D402736D5}.Release|x64.Build.0 = Release|x64
		{39469FBA-837A-4A3C-A6EC-C72D402736D5}.Release|x86.ActiveCfg = Release|Win32
		{39469FBA-837A-4A3C-A6EC-C72D402736D5}.Release|x86.Build.0 = Release|Win32
		{C8670CB0-1320-443F-B6D0-F748D65737BA}.Debug|x64.ActiveCfg = Debug|x64
		{C8670CB0-1320-443F-B6D0-F748D65737BA}.Debug|x64.Build.0 = Debug|x64
		{C8670CB0-1320-443F-B6D0-F748D65737BA}.Debug|x86.ActiveCfg = Debug|Win32
		{C8670CB0-1320-443F-B6D0-F748D65737BA}.Debug|x86.Build.0 = Debug|Win32
		{C8670CB0-1320-443F-B6D0-F748D65737BA}.Release|x64.ActiveCfg = Release|x64
		{C8670CB0-1320-443F-B6D0-F748D65737BA}.Release|x64.Build.0 = Release|x64
		{C8670CB0-1320-443F-B6D0-F748D65737BA}.Release|x86.ActiveCfg = Release|Win32
		{C8670CB0-1320-443F-B6D0-F748D65737BA}.Release|x86.Build.0 = Release|Win32
		{10679D7B-E8F4-4CBE-82D1-32D201732703}.Debug|x64.ActiveCfg = Debug|x64
		{10679D7B-E8F4-4CBE-82D1-32D201732703}.Debug|x64.Build.0 = Debug|x64
		{10679D7B-E8F4-4CBE-82D1-32D201732703}.Debug|x86.ActiveCfg = Debug|Win32
		{10679D7B-E8F4-4CBE-82D1-32D201732703}.Debug|x86.Build.0 = Debug|Win32
		{10679D7B-E8F4-4CBE-82D1-32D201732703}.Release|x64.ActiveCfg = Release|x64
		{10679D7B-E8F4-4CBE-82D1-32D201732703}.Release|x64.Build.0 = Release|x64
		{10679D7B-E8F4-4CBE-82D1-32D201732703}.Release|x86.ActiveCfg = Release|Win32
		{10679D7B-E8F4-4CBE-82D1-32D201732703}.Release|x86.Build.0 = Release|Win32
		{4D781753-9E16-48AC-B5E9-85AD9514B234}.Debug|x64.ActiveCfg = Debug|x64
		{4D781753-9E16-48AC-B5E9-85AD9514B234}.Debug|x64.Build.0 = Debug|x64
		{4D781753-9E16-48AC-B5E9-85AD9514B234}.Debug|x86.ActiveCfg = Debug|Win32
		{4D781753-9E16-48AC-B5E9-85AD9514B234}.Debug|x86.Build.0 = Debug|Win32
		{4D781753-9E16-48AC-B5E9-85AD9514B234}.Release|x64.ActiveCfg = Release|x64
		{4D781753-9E16-48AC-B5E9-85AD9514B234}.Release|x64.Build.0 = Release|x64
		{4D781753-9E16-48AC-B5E9-85AD9514B234}.Release|x86.ActiveCfg = Release|Win32
		{4D781753-9E16-48AC-B5E9-85AD9514B234}.Release|x86.Build.0 = Release|Win32
	EndGlobalSection
	GlobalSection(SolutionProperties) = preSolution
		HideSolutionNode = FALSE
	EndGlobalSection
EndGlobal
